// !$*UTF8*$!
{
	archiveVersion = 1;
	classes = {
	};
	objectVersion = 56;
	objects = {

/* Begin PBXBuildFile section */
		2A6E62362C6A392600AB15A3 /* RandomColorCVDataSource.swift in Sources */ = {isa = PBXBuildFile; fileRef = 2A6E62352C6A392600AB15A3 /* RandomColorCVDataSource.swift */; };
		2A6E623A2C6A50EA00AB15A3 /* TestViewController.swift in Sources */ = {isa = PBXBuildFile; fileRef = 2A6E62392C6A50EA00AB15A3 /* TestViewController.swift */; };
		2A6E623D2C6A512E00AB15A3 /* TestCollection.swift in Sources */ = {isa = PBXBuildFile; fileRef = 2A6E623C2C6A512E00AB15A3 /* TestCollection.swift */; };
		2A6E623F2C6A51F500AB15A3 /* TestCell.swift in Sources */ = {isa = PBXBuildFile; fileRef = 2A6E623E2C6A51F500AB15A3 /* TestCell.swift */; };
		2A6E62422C6A61FE00AB15A3 /* TestViewPresenter.swift in Sources */ = {isa = PBXBuildFile; fileRef = 2A6E62412C6A61FE00AB15A3 /* TestViewPresenter.swift */; };
		2A6E62442C6A623300AB15A3 /* TestViewOutput.swift in Sources */ = {isa = PBXBuildFile; fileRef = 2A6E62432C6A623300AB15A3 /* TestViewOutput.swift */; };
		2A6E62462C6A625100AB15A3 /* TestViewControllerInput.swift in Sources */ = {isa = PBXBuildFile; fileRef = 2A6E62452C6A625100AB15A3 /* TestViewControllerInput.swift */; };
		2A6E62482C6A626300AB15A3 /* TestViewControllerOutput.swift in Sources */ = {isa = PBXBuildFile; fileRef = 2A6E62472C6A626300AB15A3 /* TestViewControllerOutput.swift */; };
		2A6E624C2C6A645800AB15A3 /* Api.swift in Sources */ = {isa = PBXBuildFile; fileRef = 2A6E624B2C6A645800AB15A3 /* Api.swift */; };
		2A6E624F2C6A7D3600AB15A3 /* Models.swift in Sources */ = {isa = PBXBuildFile; fileRef = 2A6E624E2C6A7D3600AB15A3 /* Models.swift */; };
		2A70CAD02C65102600B671F9 /* AppDelegate.swift in Sources */ = {isa = PBXBuildFile; fileRef = 2A70CACF2C65102600B671F9 /* AppDelegate.swift */; };
		2A70CAD22C65102600B671F9 /* SceneDelegate.swift in Sources */ = {isa = PBXBuildFile; fileRef = 2A70CAD12C65102600B671F9 /* SceneDelegate.swift */; };
		2A70CAD42C65102600B671F9 /* ViewController.swift in Sources */ = {isa = PBXBuildFile; fileRef = 2A70CAD32C65102600B671F9 /* ViewController.swift */; };
		2A70CAD92C65102700B671F9 /* Assets.xcassets in Resources */ = {isa = PBXBuildFile; fileRef = 2A70CAD82C65102700B671F9 /* Assets.xcassets */; };
		2A70CADC2C65102700B671F9 /* Base in Resources */ = {isa = PBXBuildFile; fileRef = 2A70CADB2C65102700B671F9 /* Base */; };
		2A70CAE42C65118C00B671F9 /* SecondViewController.swift in Sources */ = {isa = PBXBuildFile; fileRef = 2A70CAE32C65118C00B671F9 /* SecondViewController.swift */; };
		2A787F932C76233C005528DB /* ToDoListViewController.swift in Sources */ = {isa = PBXBuildFile; fileRef = 2A787F922C76233C005528DB /* ToDoListViewController.swift */; };
		2A787F992C762493005528DB /* ToDoListPresenter.swift in Sources */ = {isa = PBXBuildFile; fileRef = 2A787F982C762493005528DB /* ToDoListPresenter.swift */; };
		2A787F9B2C762723005528DB /* ToDoListCell.swift in Sources */ = {isa = PBXBuildFile; fileRef = 2A787F9A2C762723005528DB /* ToDoListCell.swift */; };
		2AAACF812C6B82A500148B73 /* ApiInput.swift in Sources */ = {isa = PBXBuildFile; fileRef = 2AAACF802C6B82A500148B73 /* ApiInput.swift */; };
		2AD75B252C6CCB52001F7B31 /* NewsViewController.swift in Sources */ = {isa = PBXBuildFile; fileRef = 2AD75B242C6CCB52001F7B31 /* NewsViewController.swift */; };
		2AD75B2C2C6E20B2001F7B31 /* ImageProvider.swift in Sources */ = {isa = PBXBuildFile; fileRef = 2AD75B2B2C6E20B2001F7B31 /* ImageProvider.swift */; };
		2AD75B2E2C6E211F001F7B31 /* DataProvider.swift in Sources */ = {isa = PBXBuildFile; fileRef = 2AD75B2D2C6E211F001F7B31 /* DataProvider.swift */; };
		2AD75B302C6E262A001F7B31 /* NewsViewPresenter.swift in Sources */ = {isa = PBXBuildFile; fileRef = 2AD75B2F2C6E262A001F7B31 /* NewsViewPresenter.swift */; };
		2AD75B322C6E2647001F7B31 /* NewsViewPresenterOutput.swift in Sources */ = {isa = PBXBuildFile; fileRef = 2AD75B312C6E2647001F7B31 /* NewsViewPresenterOutput.swift */; };
		2AD75B342C6E3454001F7B31 /* NewsViewControllerInput.swift in Sources */ = {isa = PBXBuildFile; fileRef = 2AD75B332C6E3454001F7B31 /* NewsViewControllerInput.swift */; };
		2ADE77992C6F843400F2FF76 /* MainTabView.swift in Sources */ = {isa = PBXBuildFile; fileRef = 2ADE77982C6F843400F2FF76 /* MainTabView.swift */; };
		AA9A56C161CABD651FF7073B /* Pods_Romag.framework in Frameworks */ = {isa = PBXBuildFile; fileRef = E5D54FFCE8ED705354F099F6 /* Pods_Romag.framework */; };
/* End PBXBuildFile section */

/* Begin PBXFileReference section */
		2A6E62352C6A392600AB15A3 /* RandomColorCVDataSource.swift */ = {isa = PBXFileReference; lastKnownFileType = sourcecode.swift; path = RandomColorCVDataSource.swift; sourceTree = "<group>"; };
		2A6E62392C6A50EA00AB15A3 /* TestViewController.swift */ = {isa = PBXFileReference; lastKnownFileType = sourcecode.swift; path = TestViewController.swift; sourceTree = "<group>"; };
		2A6E623C2C6A512E00AB15A3 /* TestCollection.swift */ = {isa = PBXFileReference; lastKnownFileType = sourcecode.swift; path = TestCollection.swift; sourceTree = "<group>"; };
		2A6E623E2C6A51F500AB15A3 /* TestCell.swift */ = {isa = PBXFileReference; lastKnownFileType = sourcecode.swift; path = TestCell.swift; sourceTree = "<group>"; };
		2A6E62412C6A61FE00AB15A3 /* TestViewPresenter.swift */ = {isa = PBXFileReference; lastKnownFileType = sourcecode.swift; path = TestViewPresenter.swift; sourceTree = "<group>"; };
		2A6E62432C6A623300AB15A3 /* TestViewOutput.swift */ = {isa = PBXFileReference; lastKnownFileType = sourcecode.swift; path = TestViewOutput.swift; sourceTree = "<group>"; };
		2A6E62452C6A625100AB15A3 /* TestViewControllerInput.swift */ = {isa = PBXFileReference; lastKnownFileType = sourcecode.swift; path = TestViewControllerInput.swift; sourceTree = "<group>"; };
		2A6E62472C6A626300AB15A3 /* TestViewControllerOutput.swift */ = {isa = PBXFileReference; lastKnownFileType = sourcecode.swift; path = TestViewControllerOutput.swift; sourceTree = "<group>"; };
		2A6E624B2C6A645800AB15A3 /* Api.swift */ = {isa = PBXFileReference; lastKnownFileType = sourcecode.swift; path = Api.swift; sourceTree = "<group>"; };
		2A6E624E2C6A7D3600AB15A3 /* Models.swift */ = {isa = PBXFileReference; lastKnownFileType = sourcecode.swift; path = Models.swift; sourceTree = "<group>"; };
		2A70CACC2C65102600B671F9 /* Romag.app */ = {isa = PBXFileReference; explicitFileType = wrapper.application; includeInIndex = 0; path = Romag.app; sourceTree = BUILT_PRODUCTS_DIR; };
		2A70CACF2C65102600B671F9 /* AppDelegate.swift */ = {isa = PBXFileReference; lastKnownFileType = sourcecode.swift; path = AppDelegate.swift; sourceTree = "<group>"; };
		2A70CAD12C65102600B671F9 /* SceneDelegate.swift */ = {isa = PBXFileReference; lastKnownFileType = sourcecode.swift; path = SceneDelegate.swift; sourceTree = "<group>"; };
		2A70CAD32C65102600B671F9 /* ViewController.swift */ = {isa = PBXFileReference; lastKnownFileType = sourcecode.swift; path = ViewController.swift; sourceTree = "<group>"; };
		2A70CAD82C65102700B671F9 /* Assets.xcassets */ = {isa = PBXFileReference; lastKnownFileType = folder.assetcatalog; path = Assets.xcassets; sourceTree = "<group>"; };
		2A70CADB2C65102700B671F9 /* Base */ = {isa = PBXFileReference; lastKnownFileType = file.storyboard; name = Base; path = Base.lproj/LaunchScreen.storyboard; sourceTree = "<group>"; };
		2A70CADD2C65102700B671F9 /* Info.plist */ = {isa = PBXFileReference; lastKnownFileType = text.plist.xml; path = Info.plist; sourceTree = "<group>"; };
		2A70CAE32C65118C00B671F9 /* SecondViewController.swift */ = {isa = PBXFileReference; fileEncoding = 4; lastKnownFileType = sourcecode.swift; path = SecondViewController.swift; sourceTree = "<group>"; };
		2A787F922C76233C005528DB /* ToDoListViewController.swift */ = {isa = PBXFileReference; lastKnownFileType = sourcecode.swift; path = ToDoListViewController.swift; sourceTree = "<group>"; };
		2A787F982C762493005528DB /* ToDoListPresenter.swift */ = {isa = PBXFileReference; lastKnownFileType = sourcecode.swift; path = ToDoListPresenter.swift; sourceTree = "<group>"; };
		2A787F9A2C762723005528DB /* ToDoListCell.swift */ = {isa = PBXFileReference; lastKnownFileType = sourcecode.swift; path = ToDoListCell.swift; sourceTree = "<group>"; };
		2AAACF802C6B82A500148B73 /* ApiInput.swift */ = {isa = PBXFileReference; lastKnownFileType = sourcecode.swift; path = ApiInput.swift; sourceTree = "<group>"; };
		2AD75B242C6CCB52001F7B31 /* NewsViewController.swift */ = {isa = PBXFileReference; lastKnownFileType = sourcecode.swift; path = NewsViewController.swift; sourceTree = "<group>"; };
		2AD75B2B2C6E20B2001F7B31 /* ImageProvider.swift */ = {isa = PBXFileReference; lastKnownFileType = sourcecode.swift; path = ImageProvider.swift; sourceTree = "<group>"; };
		2AD75B2D2C6E211F001F7B31 /* DataProvider.swift */ = {isa = PBXFileReference; lastKnownFileType = sourcecode.swift; path = DataProvider.swift; sourceTree = "<group>"; };
		2AD75B2F2C6E262A001F7B31 /* NewsViewPresenter.swift */ = {isa = PBXFileReference; lastKnownFileType = sourcecode.swift; path = NewsViewPresenter.swift; sourceTree = "<group>"; };
		2AD75B312C6E2647001F7B31 /* NewsViewPresenterOutput.swift */ = {isa = PBXFileReference; lastKnownFileType = sourcecode.swift; path = NewsViewPresenterOutput.swift; sourceTree = "<group>"; };
		2AD75B332C6E3454001F7B31 /* NewsViewControllerInput.swift */ = {isa = PBXFileReference; lastKnownFileType = sourcecode.swift; path = NewsViewControllerInput.swift; sourceTree = "<group>"; };
		2ADE77982C6F843400F2FF76 /* MainTabView.swift */ = {isa = PBXFileReference; lastKnownFileType = sourcecode.swift; path = MainTabView.swift; sourceTree = "<group>"; };
		7604ABF0D03FA96C7633ECAE /* Pods-Romag.debug.xcconfig */ = {isa = PBXFileReference; includeInIndex = 1; lastKnownFileType = text.xcconfig; name = "Pods-Romag.debug.xcconfig"; path = "Target Support Files/Pods-Romag/Pods-Romag.debug.xcconfig"; sourceTree = "<group>"; };
		D05D313730331BDE162A9766 /* Pods-Romag.release.xcconfig */ = {isa = PBXFileReference; includeInIndex = 1; lastKnownFileType = text.xcconfig; name = "Pods-Romag.release.xcconfig"; path = "Target Support Files/Pods-Romag/Pods-Romag.release.xcconfig"; sourceTree = "<group>"; };
		E5D54FFCE8ED705354F099F6 /* Pods_Romag.framework */ = {isa = PBXFileReference; explicitFileType = wrapper.framework; includeInIndex = 0; path = Pods_Romag.framework; sourceTree = BUILT_PRODUCTS_DIR; };
/* End PBXFileReference section */

/* Begin PBXFrameworksBuildPhase section */
		2A70CAC92C65102600B671F9 /* Frameworks */ = {
			isa = PBXFrameworksBuildPhase;
			buildActionMask = 2147483647;
			files = (
				AA9A56C161CABD651FF7073B /* Pods_Romag.framework in Frameworks */,
			);
			runOnlyForDeploymentPostprocessing = 0;
		};
/* End PBXFrameworksBuildPhase section */

/* Begin PBXGroup section */
		104BBE2283938D87EED1395F /* Frameworks */ = {
			isa = PBXGroup;
			children = (
				E5D54FFCE8ED705354F099F6 /* Pods_Romag.framework */,
			);
			name = Frameworks;
			sourceTree = "<group>";
		};
		2A6E62372C6A50BE00AB15A3 /* TestController */ = {
			isa = PBXGroup;
			children = (
				2A6E624D2C6A7D1D00AB15A3 /* Models */,
				2A6E624A2C6A644000AB15A3 /* API */,
				2A6E623B2C6A50FB00AB15A3 /* Components */,
				2A6E62402C6A61CE00AB15A3 /* Presenter */,
				2A6E62382C6A50D800AB15A3 /* View */,
			);
			path = TestController;
			sourceTree = "<group>";
		};
		2A6E62382C6A50D800AB15A3 /* View */ = {
			isa = PBXGroup;
			children = (
				2A6E62392C6A50EA00AB15A3 /* TestViewController.swift */,
				2A6E62452C6A625100AB15A3 /* TestViewControllerInput.swift */,
				2A6E62472C6A626300AB15A3 /* TestViewControllerOutput.swift */,
			);
			path = View;
			sourceTree = "<group>";
		};
		2A6E623B2C6A50FB00AB15A3 /* Components */ = {
			isa = PBXGroup;
			children = (
				2A6E623C2C6A512E00AB15A3 /* TestCollection.swift */,
				2A6E623E2C6A51F500AB15A3 /* TestCell.swift */,
			);
			path = Components;
			sourceTree = "<group>";
		};
		2A6E62402C6A61CE00AB15A3 /* Presenter */ = {
			isa = PBXGroup;
			children = (
				2A6E62412C6A61FE00AB15A3 /* TestViewPresenter.swift */,
				2A6E62432C6A623300AB15A3 /* TestViewOutput.swift */,
			);
			path = Presenter;
			sourceTree = "<group>";
		};
		2A6E624A2C6A644000AB15A3 /* API */ = {
			isa = PBXGroup;
			children = (
				2A6E624B2C6A645800AB15A3 /* Api.swift */,
				2AAACF802C6B82A500148B73 /* ApiInput.swift */,
			);
			path = API;
			sourceTree = "<group>";
		};
		2A6E624D2C6A7D1D00AB15A3 /* Models */ = {
			isa = PBXGroup;
			children = (
				2A6E624E2C6A7D3600AB15A3 /* Models.swift */,
			);
			path = Models;
			sourceTree = "<group>";
		};
		2A6E62502C6A7D5E00AB15A3 /* Global */ = {
			isa = PBXGroup;
			children = (
				2A70CACF2C65102600B671F9 /* AppDelegate.swift */,
				2A70CAD12C65102600B671F9 /* SceneDelegate.swift */,
				2A70CAE32C65118C00B671F9 /* SecondViewController.swift */,
				2A70CAD32C65102600B671F9 /* ViewController.swift */,
				2A70CADA2C65102700B671F9 /* LaunchScreen.storyboard */,
				2A70CADD2C65102700B671F9 /* Info.plist */,
				2A6E62352C6A392600AB15A3 /* RandomColorCVDataSource.swift */,
				2ADE77982C6F843400F2FF76 /* MainTabView.swift */,
			);
			path = Global;
			sourceTree = "<group>";
		};
		2A6E62512C6A7D7200AB15A3 /* Resources */ = {
			isa = PBXGroup;
			children = (
				2A70CAD82C65102700B671F9 /* Assets.xcassets */,
			);
			path = Resources;
			sourceTree = "<group>";
		};
		2A70CAC32C65102600B671F9 = {
			isa = PBXGroup;
			children = (
				2A70CACE2C65102600B671F9 /* Romag */,
				2A70CACD2C65102600B671F9 /* Products */,
				E6139AB572512B851DC973B5 /* Pods */,
				104BBE2283938D87EED1395F /* Frameworks */,
			);
			sourceTree = "<group>";
		};
		2A70CACD2C65102600B671F9 /* Products */ = {
			isa = PBXGroup;
			children = (
				2A70CACC2C65102600B671F9 /* Romag.app */,
			);
			name = Products;
			sourceTree = "<group>";
		};
		2A70CACE2C65102600B671F9 /* Romag */ = {
			isa = PBXGroup;
			children = (
				2A787F912C7622EE005528DB /* ToDoListViewController */,
				2AD75B262C6E1D89001F7B31 /* NewsViewController */,
				2A6E62502C6A7D5E00AB15A3 /* Global */,
				2A6E62372C6A50BE00AB15A3 /* TestController */,
				2A6E62512C6A7D7200AB15A3 /* Resources */,
			);
			path = Romag;
			sourceTree = "<group>";
		};
		2A787F912C7622EE005528DB /* ToDoListViewController */ = {
			isa = PBXGroup;
			children = (
				2A787F972C762391005528DB /* Components */,
				2A787F962C76238B005528DB /* Api */,
				2A787F952C762383005528DB /* Presenter */,
				2A787F942C76237A005528DB /* View */,
			);
			path = ToDoListViewController;
			sourceTree = "<group>";
		};
		2A787F942C76237A005528DB /* View */ = {
			isa = PBXGroup;
			children = (
				2A787F922C76233C005528DB /* ToDoListViewController.swift */,
			);
			path = View;
			sourceTree = "<group>";
		};
		2A787F952C762383005528DB /* Presenter */ = {
			isa = PBXGroup;
			children = (
				2A787F982C762493005528DB /* ToDoListPresenter.swift */,
			);
			path = Presenter;
			sourceTree = "<group>";
		};
		2A787F962C76238B005528DB /* Api */ = {
			isa = PBXGroup;
			children = (
			);
			path = Api;
			sourceTree = "<group>";
		};
		2A787F972C762391005528DB /* Components */ = {
			isa = PBXGroup;
			children = (
				2A787F9A2C762723005528DB /* ToDoListCell.swift */,
			);
			path = Components;
			sourceTree = "<group>";
		};
		2AD75B262C6E1D89001F7B31 /* NewsViewController */ = {
			isa = PBXGroup;
			children = (
				2AD75B2A2C6E1E5C001F7B31 /* Api */,
				2AD75B282C6E1E3F001F7B31 /* View */,
				2AD75B272C6E1DA9001F7B31 /* Presenter */,
			);
			path = NewsViewController;
			sourceTree = "<group>";
		};
		2AD75B272C6E1DA9001F7B31 /* Presenter */ = {
			isa = PBXGroup;
			children = (
				2AD75B2F2C6E262A001F7B31 /* NewsViewPresenter.swift */,
				2AD75B312C6E2647001F7B31 /* NewsViewPresenterOutput.swift */,
			);
			path = Presenter;
			sourceTree = "<group>";
		};
		2AD75B282C6E1E3F001F7B31 /* View */ = {
			isa = PBXGroup;
			children = (
				2AD75B242C6CCB52001F7B31 /* NewsViewController.swift */,
				2AD75B332C6E3454001F7B31 /* NewsViewControllerInput.swift */,
			);
			path = View;
			sourceTree = "<group>";
		};
		2AD75B2A2C6E1E5C001F7B31 /* Api */ = {
			isa = PBXGroup;
			children = (
				2AD75B2B2C6E20B2001F7B31 /* ImageProvider.swift */,
				2AD75B2D2C6E211F001F7B31 /* DataProvider.swift */,
			);
			path = Api;
			sourceTree = "<group>";
		};
		E6139AB572512B851DC973B5 /* Pods */ = {
			isa = PBXGroup;
			children = (
				7604ABF0D03FA96C7633ECAE /* Pods-Romag.debug.xcconfig */,
				D05D313730331BDE162A9766 /* Pods-Romag.release.xcconfig */,
			);
			path = Pods;
			sourceTree = "<group>";
		};
/* End PBXGroup section */

/* Begin PBXNativeTarget section */
		2A70CACB2C65102600B671F9 /* Romag */ = {
			isa = PBXNativeTarget;
			buildConfigurationList = 2A70CAE02C65102700B671F9 /* Build configuration list for PBXNativeTarget "Romag" */;
			buildPhases = (
				06022AB70078938A570D213E /* [CP] Check Pods Manifest.lock */,
				2A70CAC82C65102600B671F9 /* Sources */,
				2A70CAC92C65102600B671F9 /* Frameworks */,
				2A70CACA2C65102600B671F9 /* Resources */,
				08060507A33909FAC113E612 /* [CP] Embed Pods Frameworks */,
			);
			buildRules = (
			);
			dependencies = (
			);
			name = Romag;
			productName = Romag;
			productReference = 2A70CACC2C65102600B671F9 /* Romag.app */;
			productType = "com.apple.product-type.application";
		};
/* End PBXNativeTarget section */

/* Begin PBXProject section */
		2A70CAC42C65102600B671F9 /* Project object */ = {
			isa = PBXProject;
			attributes = {
				BuildIndependentTargetsInParallel = 1;
				LastSwiftUpdateCheck = 1540;
				LastUpgradeCheck = 1540;
				TargetAttributes = {
					2A70CACB2C65102600B671F9 = {
						CreatedOnToolsVersion = 15.4;
					};
				};
			};
			buildConfigurationList = 2A70CAC72C65102600B671F9 /* Build configuration list for PBXProject "Romag" */;
			compatibilityVersion = "Xcode 14.0";
			developmentRegion = en;
			hasScannedForEncodings = 0;
			knownRegions = (
				en,
				Base,
			);
			mainGroup = 2A70CAC32C65102600B671F9;
			productRefGroup = 2A70CACD2C65102600B671F9 /* Products */;
			projectDirPath = "";
			projectRoot = "";
			targets = (
				2A70CACB2C65102600B671F9 /* Romag */,
			);
		};
/* End PBXProject section */

/* Begin PBXResourcesBuildPhase section */
		2A70CACA2C65102600B671F9 /* Resources */ = {
			isa = PBXResourcesBuildPhase;
			buildActionMask = 2147483647;
			files = (
				2A70CAD92C65102700B671F9 /* Assets.xcassets in Resources */,
				2A70CADC2C65102700B671F9 /* Base in Resources */,
			);
			runOnlyForDeploymentPostprocessing = 0;
		};
/* End PBXResourcesBuildPhase section */

/* Begin PBXShellScriptBuildPhase section */
		06022AB70078938A570D213E /* [CP] Check Pods Manifest.lock */ = {
			isa = PBXShellScriptBuildPhase;
			buildActionMask = 2147483647;
			files = (
			);
			inputFileListPaths = (
			);
			inputPaths = (
				"${PODS_PODFILE_DIR_PATH}/Podfile.lock",
				"${PODS_ROOT}/Manifest.lock",
			);
			name = "[CP] Check Pods Manifest.lock";
			outputFileListPaths = (
			);
			outputPaths = (
				"$(DERIVED_FILE_DIR)/Pods-Romag-checkManifestLockResult.txt",
			);
			runOnlyForDeploymentPostprocessing = 0;
			shellPath = /bin/sh;
			shellScript = "diff \"${PODS_PODFILE_DIR_PATH}/Podfile.lock\" \"${PODS_ROOT}/Manifest.lock\" > /dev/null\nif [ $? != 0 ] ; then\n    # print error to STDERR\n    echo \"error: The sandbox is not in sync with the Podfile.lock. Run 'pod install' or update your CocoaPods installation.\" >&2\n    exit 1\nfi\n# This output is used by Xcode 'outputs' to avoid re-running this script phase.\necho \"SUCCESS\" > \"${SCRIPT_OUTPUT_FILE_0}\"\n";
			showEnvVarsInLog = 0;
		};
		08060507A33909FAC113E612 /* [CP] Embed Pods Frameworks */ = {
			isa = PBXShellScriptBuildPhase;
			buildActionMask = 2147483647;
			files = (
			);
			inputFileListPaths = (
				"${PODS_ROOT}/Target Support Files/Pods-Romag/Pods-Romag-frameworks-${CONFIGURATION}-input-files.xcfilelist",
			);
			name = "[CP] Embed Pods Frameworks";
			outputFileListPaths = (
				"${PODS_ROOT}/Target Support Files/Pods-Romag/Pods-Romag-frameworks-${CONFIGURATION}-output-files.xcfilelist",
			);
			runOnlyForDeploymentPostprocessing = 0;
			shellPath = /bin/sh;
			shellScript = "\"${PODS_ROOT}/Target Support Files/Pods-Romag/Pods-Romag-frameworks.sh\"\n";
			showEnvVarsInLog = 0;
		};
/* End PBXShellScriptBuildPhase section */

/* Begin PBXSourcesBuildPhase section */
		2A70CAC82C65102600B671F9 /* Sources */ = {
			isa = PBXSourcesBuildPhase;
			buildActionMask = 2147483647;
			files = (
				2A6E62422C6A61FE00AB15A3 /* TestViewPresenter.swift in Sources */,
				2A70CAE42C65118C00B671F9 /* SecondViewController.swift in Sources */,
				2A6E62462C6A625100AB15A3 /* TestViewControllerInput.swift in Sources */,
				2A787F932C76233C005528DB /* ToDoListViewController.swift in Sources */,
				2AD75B342C6E3454001F7B31 /* NewsViewControllerInput.swift in Sources */,
				2AAACF812C6B82A500148B73 /* ApiInput.swift in Sources */,
				2ADE77992C6F843400F2FF76 /* MainTabView.swift in Sources */,
				2AD75B252C6CCB52001F7B31 /* NewsViewController.swift in Sources */,
				2A6E62362C6A392600AB15A3 /* RandomColorCVDataSource.swift in Sources */,
				2AD75B2E2C6E211F001F7B31 /* DataProvider.swift in Sources */,
				2AD75B322C6E2647001F7B31 /* NewsViewPresenterOutput.swift in Sources */,
				2A70CAD42C65102600B671F9 /* ViewController.swift in Sources */,
				2A787F992C762493005528DB /* ToDoListPresenter.swift in Sources */,
				2AD75B2C2C6E20B2001F7B31 /* ImageProvider.swift in Sources */,
				2A6E623D2C6A512E00AB15A3 /* TestCollection.swift in Sources */,
				2A6E624C2C6A645800AB15A3 /* Api.swift in Sources */,
				2A6E623F2C6A51F500AB15A3 /* TestCell.swift in Sources */,
				2A6E624F2C6A7D3600AB15A3 /* Models.swift in Sources */,
				2A787F9B2C762723005528DB /* ToDoListCell.swift in Sources */,
				2A6E62482C6A626300AB15A3 /* TestViewControllerOutput.swift in Sources */,
				2AD75B302C6E262A001F7B31 /* NewsViewPresenter.swift in Sources */,
				2A6E623A2C6A50EA00AB15A3 /* TestViewController.swift in Sources */,
				2A6E62442C6A623300AB15A3 /* TestViewOutput.swift in Sources */,
				2A70CAD02C65102600B671F9 /* AppDelegate.swift in Sources */,
				2A70CAD22C65102600B671F9 /* SceneDelegate.swift in Sources */,
			);
			runOnlyForDeploymentPostprocessing = 0;
		};
/* End PBXSourcesBuildPhase section */

/* Begin PBXVariantGroup section */
		2A70CADA2C65102700B671F9 /* LaunchScreen.storyboard */ = {
			isa = PBXVariantGroup;
			children = (
				2A70CADB2C65102700B671F9 /* Base */,
			);
			name = LaunchScreen.storyboard;
			sourceTree = "<group>";
		};
/* End PBXVariantGroup section */

/* Begin XCBuildConfiguration section */
		2A70CADE2C65102700B671F9 /* Debug */ = {
			isa = XCBuildConfiguration;
			buildSettings = {
				ALWAYS_SEARCH_USER_PATHS = NO;
				ASSETCATALOG_COMPILER_GENERATE_SWIFT_ASSET_SYMBOL_EXTENSIONS = YES;
				CLANG_ANALYZER_NONNULL = YES;
				CLANG_ANALYZER_NUMBER_OBJECT_CONVERSION = YES_AGGRESSIVE;
				CLANG_CXX_LANGUAGE_STANDARD = "gnu++20";
				CLANG_ENABLE_MODULES = YES;
				CLANG_ENABLE_OBJC_ARC = YES;
				CLANG_ENABLE_OBJC_WEAK = YES;
				CLANG_WARN_BLOCK_CAPTURE_AUTORELEASING = YES;
				CLANG_WARN_BOOL_CONVERSION = YES;
				CLANG_WARN_COMMA = YES;
				CLANG_WARN_CONSTANT_CONVERSION = YES;
				CLANG_WARN_DEPRECATED_OBJC_IMPLEMENTATIONS = YES;
				CLANG_WARN_DIRECT_OBJC_ISA_USAGE = YES_ERROR;
				CLANG_WARN_DOCUMENTATION_COMMENTS = YES;
				CLANG_WARN_EMPTY_BODY = YES;
				CLANG_WARN_ENUM_CONVERSION = YES;
				CLANG_WARN_INFINITE_RECURSION = YES;
				CLANG_WARN_INT_CONVERSION = YES;
				CLANG_WARN_NON_LITERAL_NULL_CONVERSION = YES;
				CLANG_WARN_OBJC_IMPLICIT_RETAIN_SELF = YES;
				CLANG_WARN_OBJC_LITERAL_CONVERSION = YES;
				CLANG_WARN_OBJC_ROOT_CLASS = YES_ERROR;
				CLANG_WARN_QUOTED_INCLUDE_IN_FRAMEWORK_HEADER = YES;
				CLANG_WARN_RANGE_LOOP_ANALYSIS = YES;
				CLANG_WARN_STRICT_PROTOTYPES = YES;
				CLANG_WARN_SUSPICIOUS_MOVE = YES;
				CLANG_WARN_UNGUARDED_AVAILABILITY = YES_AGGRESSIVE;
				CLANG_WARN_UNREACHABLE_CODE = YES;
				CLANG_WARN__DUPLICATE_METHOD_MATCH = YES;
				COPY_PHASE_STRIP = NO;
				DEBUG_INFORMATION_FORMAT = dwarf;
				ENABLE_STRICT_OBJC_MSGSEND = YES;
				ENABLE_TESTABILITY = YES;
				ENABLE_USER_SCRIPT_SANDBOXING = NO;
				GCC_C_LANGUAGE_STANDARD = gnu17;
				GCC_DYNAMIC_NO_PIC = NO;
				GCC_NO_COMMON_BLOCKS = YES;
				GCC_OPTIMIZATION_LEVEL = 0;
				GCC_PREPROCESSOR_DEFINITIONS = (
					"DEBUG=1",
					"$(inherited)",
				);
				GCC_WARN_64_TO_32_BIT_CONVERSION = YES;
				GCC_WARN_ABOUT_RETURN_TYPE = YES_ERROR;
				GCC_WARN_UNDECLARED_SELECTOR = YES;
				GCC_WARN_UNINITIALIZED_AUTOS = YES_AGGRESSIVE;
				GCC_WARN_UNUSED_FUNCTION = YES;
				GCC_WARN_UNUSED_VARIABLE = YES;
				IPHONEOS_DEPLOYMENT_TARGET = 17.5;
				LOCALIZATION_PREFERS_STRING_CATALOGS = YES;
				MTL_ENABLE_DEBUG_INFO = INCLUDE_SOURCE;
				MTL_FAST_MATH = YES;
				ONLY_ACTIVE_ARCH = YES;
				SDKROOT = iphoneos;
				SWIFT_ACTIVE_COMPILATION_CONDITIONS = "DEBUG $(inherited)";
				SWIFT_OPTIMIZATION_LEVEL = "-Onone";
			};
			name = Debug;
		};
		2A70CADF2C65102700B671F9 /* Release */ = {
			isa = XCBuildConfiguration;
			buildSettings = {
				ALWAYS_SEARCH_USER_PATHS = NO;
				ASSETCATALOG_COMPILER_GENERATE_SWIFT_ASSET_SYMBOL_EXTENSIONS = YES;
				CLANG_ANALYZER_NONNULL = YES;
				CLANG_ANALYZER_NUMBER_OBJECT_CONVERSION = YES_AGGRESSIVE;
				CLANG_CXX_LANGUAGE_STANDARD = "gnu++20";
				CLANG_ENABLE_MODULES = YES;
				CLANG_ENABLE_OBJC_ARC = YES;
				CLANG_ENABLE_OBJC_WEAK = YES;
				CLANG_WARN_BLOCK_CAPTURE_AUTORELEASING = YES;
				CLANG_WARN_BOOL_CONVERSION = YES;
				CLANG_WARN_COMMA = YES;
				CLANG_WARN_CONSTANT_CONVERSION = YES;
				CLANG_WARN_DEPRECATED_OBJC_IMPLEMENTATIONS = YES;
				CLANG_WARN_DIRECT_OBJC_ISA_USAGE = YES_ERROR;
				CLANG_WARN_DOCUMENTATION_COMMENTS = YES;
				CLANG_WARN_EMPTY_BODY = YES;
				CLANG_WARN_ENUM_CONVERSION = YES;
				CLANG_WARN_INFINITE_RECURSION = YES;
				CLANG_WARN_INT_CONVERSION = YES;
				CLANG_WARN_NON_LITERAL_NULL_CONVERSION = YES;
				CLANG_WARN_OBJC_IMPLICIT_RETAIN_SELF = YES;
				CLANG_WARN_OBJC_LITERAL_CONVERSION = YES;
				CLANG_WARN_OBJC_ROOT_CLASS = YES_ERROR;
				CLANG_WARN_QUOTED_INCLUDE_IN_FRAMEWORK_HEADER = YES;
				CLANG_WARN_RANGE_LOOP_ANALYSIS = YES;
				CLANG_WARN_STRICT_PROTOTYPES = YES;
				CLANG_WARN_SUSPICIOUS_MOVE = YES;
				CLANG_WARN_UNGUARDED_AVAILABILITY = YES_AGGRESSIVE;
				CLANG_WARN_UNREACHABLE_CODE = YES;
				CLANG_WARN__DUPLICATE_METHOD_MATCH = YES;
				COPY_PHASE_STRIP = NO;
				DEBUG_INFORMATION_FORMAT = "dwarf-with-dsym";
				ENABLE_NS_ASSERTIONS = NO;
				ENABLE_STRICT_OBJC_MSGSEND = YES;
				ENABLE_USER_SCRIPT_SANDBOXING = NO;
				GCC_C_LANGUAGE_STANDARD = gnu17;
				GCC_NO_COMMON_BLOCKS = YES;
				GCC_WARN_64_TO_32_BIT_CONVERSION = YES;
				GCC_WARN_ABOUT_RETURN_TYPE = YES_ERROR;
				GCC_WARN_UNDECLARED_SELECTOR = YES;
				GCC_WARN_UNINITIALIZED_AUTOS = YES_AGGRESSIVE;
				GCC_WARN_UNUSED_FUNCTION = YES;
				GCC_WARN_UNUSED_VARIABLE = YES;
				IPHONEOS_DEPLOYMENT_TARGET = 17.5;
				LOCALIZATION_PREFERS_STRING_CATALOGS = YES;
				MTL_ENABLE_DEBUG_INFO = NO;
				MTL_FAST_MATH = YES;
				SDKROOT = iphoneos;
				SWIFT_COMPILATION_MODE = wholemodule;
				VALIDATE_PRODUCT = YES;
			};
			name = Release;
		};
		2A70CAE12C65102700B671F9 /* Debug */ = {
			isa = XCBuildConfiguration;
			baseConfigurationReference = 7604ABF0D03FA96C7633ECAE /* Pods-Romag.debug.xcconfig */;
			buildSettings = {
				ASSETCATALOG_COMPILER_APPICON_NAME = AppIcon;
				ASSETCATALOG_COMPILER_GLOBAL_ACCENT_COLOR_NAME = AccentColor;
				CODE_SIGN_STYLE = Automatic;
				CURRENT_PROJECT_VERSION = 1;
				GENERATE_INFOPLIST_FILE = YES;
				INFOPLIST_FILE = Romag/Global/Info.plist;
				INFOPLIST_KEY_UIApplicationSupportsIndirectInputEvents = YES;
				INFOPLIST_KEY_UILaunchStoryboardName = LaunchScreen;
				INFOPLIST_KEY_UISupportedInterfaceOrientations_iPad = "UIInterfaceOrientationPortrait UIInterfaceOrientationPortraitUpsideDown UIInterfaceOrientationLandscapeLeft UIInterfaceOrientationLandscapeRight";
				INFOPLIST_KEY_UISupportedInterfaceOrientations_iPhone = "UIInterfaceOrientationPortrait UIInterfaceOrientationLandscapeLeft UIInterfaceOrientationLandscapeRight";
				LD_RUNPATH_SEARCH_PATHS = (
					"$(inherited)",
					"@executable_path/Frameworks",
				);
				MARKETING_VERSION = 1.0;
				PRODUCT_BUNDLE_IDENTIFIER = G.Romag;
				PRODUCT_NAME = "$(TARGET_NAME)";
				SWIFT_EMIT_LOC_STRINGS = YES;
				SWIFT_VERSION = 5.0;
				TARGETED_DEVICE_FAMILY = "1,2";
			};
			name = Debug;
		};
		2A70CAE22C65102700B671F9 /* Release */ = {
			isa = XCBuildConfiguration;
			baseConfigurationReference = D05D313730331BDE162A9766 /* Pods-Romag.release.xcconfig */;
			buildSettings = {
				ASSETCATALOG_COMPILER_APPICON_NAME = AppIcon;
				ASSETCATALOG_COMPILER_GLOBAL_ACCENT_COLOR_NAME = AccentColor;
				CODE_SIGN_STYLE = Automatic;
				CURRENT_PROJECT_VERSION = 1;
				GENERATE_INFOPLIST_FILE = YES;
				INFOPLIST_FILE = Romag/Global/Info.plist;
				INFOPLIST_KEY_UIApplicationSupportsIndirectInputEvents = YES;
				INFOPLIST_KEY_UILaunchStoryboardName = LaunchScreen;
				INFOPLIST_KEY_UISupportedInterfaceOrientations_iPad = "UIInterfaceOrientationPortrait UIInterfaceOrientationPortraitUpsideDown UIInterfaceOrientationLandscapeLeft UIInterfaceOrientationLandscapeRight";
				INFOPLIST_KEY_UISupportedInterfaceOrientations_iPhone = "UIInterfaceOrientationPortrait UIInterfaceOrientationLandscapeLeft UIInterfaceOrientationLandscapeRight";
				LD_RUNPATH_SEARCH_PATHS = (
					"$(inherited)",
					"@executable_path/Frameworks",
				);
				MARKETING_VERSION = 1.0;
				PRODUCT_BUNDLE_IDENTIFIER = G.Romag;
				PRODUCT_NAME = "$(TARGET_NAME)";
				SWIFT_EMIT_LOC_STRINGS = YES;
				SWIFT_VERSION = 5.0;
				TARGETED_DEVICE_FAMILY = "1,2";
			};
			name = Release;
		};
/* End XCBuildConfiguration section */

/* Begin XCConfigurationList section */
		2A70CAC72C65102600B671F9 /* Build configuration list for PBXProject "Romag" */ = {
			isa = XCConfigurationList;
			buildConfigurations = (
				2A70CADE2C65102700B671F9 /* Debug */,
				2A70CADF2C65102700B671F9 /* Release */,
			);
			defaultConfigurationIsVisible = 0;
			defaultConfigurationName = Release;
		};
		2A70CAE02C65102700B671F9 /* Build configuration list for PBXNativeTarget "Romag" */ = {
			isa = XCConfigurationList;
			buildConfigurations = (
				2A70CAE12C65102700B671F9 /* Debug */,
				2A70CAE22C65102700B671F9 /* Release */,
			);
			defaultConfigurationIsVisible = 0;
			defaultConfigurationName = Release;
		};
/* End XCConfigurationList section */
	};
	rootObject = 2A70CAC42C65102600B671F9 /* Project object */;
}
